// !$*UTF8*$!
{
	archiveVersion = 1;
	classes = {
	};
	objectVersion = 77;
	objects = {

/* Begin PBXContainerItemProxy section */
		70E5A24A2E1C524E000DAD89 /* PBXContainerItemProxy */ = {
			isa = PBXContainerItemProxy;
			containerPortal = 70E5A2342E1C5247000DAD89 /* Project object */;
			proxyType = 1;
			remoteGlobalIDString = 70E5A23B2E1C5247000DAD89;
			remoteInfo = ArtOfTheFuture;
		};
		70E5A2542E1C524E000DAD89 /* PBXContainerItemProxy */ = {
			isa = PBXContainerItemProxy;
			containerPortal = 70E5A2342E1C5247000DAD89 /* Project object */;
			proxyType = 1;
			remoteGlobalIDString = 70E5A23B2E1C5247000DAD89;
			remoteInfo = ArtOfTheFuture;
		};
/* End PBXContainerItemProxy section */

/* Begin PBXFileReference section */
		70E5A23C2E1C5247000DAD89 /* ArtOfTheFuture.app */ = {isa = PBXFileReference; explicitFileType = wrapper.application; includeInIndex = 0; path = ArtOfTheFuture.app; sourceTree = BUILT_PRODUCTS_DIR; };
		70E5A2492E1C524E000DAD89 /* ArtOfTheFutureTests.xctest */ = {isa = PBXFileReference; explicitFileType = wrapper.cfbundle; includeInIndex = 0; path = ArtOfTheFutureTests.xctest; sourceTree = BUILT_PRODUCTS_DIR; };
		70E5A2532E1C524E000DAD89 /* ArtOfTheFutureUITests.xctest */ = {isa = PBXFileReference; explicitFileType = wrapper.cfbundle; includeInIndex = 0; path = ArtOfTheFutureUITests.xctest; sourceTree = BUILT_PRODUCTS_DIR; };
/* End PBXFileReference section */

/* Begin PBXFileSystemSynchronizedRootGroup section */
		70E5A23E2E1C5247000DAD89 /* ArtOfTheFuture */ = {
			isa = PBXFileSystemSynchronizedRootGroup;
			path = ArtOfTheFuture;
			sourceTree = "<group>";
		};
		70E5A24C2E1C524E000DAD89 /* ArtOfTheFutureTests */ = {
			isa = PBXFileSystemSynchronizedRootGroup;
			path = ArtOfTheFutureTests;
			sourceTree = "<group>";
		};
		70E5A2562E1C524E000DAD89 /* ArtOfTheFutureUITests */ = {
			isa = PBXFileSystemSynchronizedRootGroup;
			path = ArtOfTheFutureUITests;
			sourceTree = "<group>";
		};
/* End PBXFileSystemSynchronizedRootGroup section */

/* Begin PBXFrameworksBuildPhase section */
		70E5A2392E1C5247000DAD89 /* Frameworks */ = {
			isa = PBXFrameworksBuildPhase;
			buildActionMask = 2147483647;
			files = (
			);
			runOnlyForDeploymentPostprocessing = 0;
		};
		70E5A2462E1C524E000DAD89 /* Frameworks */ = {
			isa = PBXFrameworksBuildPhase;
			buildActionMask = 2147483647;
			files = (
			);
			runOnlyForDeploymentPostprocessing = 0;
		};
		70E5A2502E1C524E000DAD89 /* Frameworks */ = {
			isa = PBXFrameworksBuildPhase;
			buildActionMask = 2147483647;
			files = (
			);
			runOnlyForDeploymentPostprocessing = 0;
		};
/* End PBXFrameworksBuildPhase section */

/* Begin PBXGroup section */
		70E5A2332E1C5247000DAD89 = {
			isa = PBXGroup;
			children = (
				70E5A23E2E1C5247000DAD89 /* ArtOfTheFuture */,
				70E5A24C2E1C524E000DAD89 /* ArtOfTheFutureTests */,
				70E5A2562E1C524E000DAD89 /* ArtOfTheFutureUITests */,
				70E5A23D2E1C5247000DAD89 /* Products */,
			);
			sourceTree = "<group>";
		};
		70E5A23D2E1C5247000DAD89 /* Products */ = {
			isa = PBXGroup;
			children = (
				70E5A23C2E1C5247000DAD89 /* ArtOfTheFuture.app */,
				70E5A2492E1C524E000DAD89 /* ArtOfTheFutureTests.xctest */,
				70E5A2532E1C524E000DAD89 /* ArtOfTheFutureUITests.xctest */,
			);
			name = Products;
			sourceTree = "<group>";
		};
/* End PBXGroup section */

/* Begin PBXNativeTarget section */
		70E5A23B2E1C5247000DAD89 /* ArtOfTheFuture */ = {
			isa = PBXNativeTarget;
			buildConfigurationList = 70E5A25D2E1C524E000DAD89 /* Build configuration list for PBXNativeTarget "ArtOfTheFuture" */;
			buildPhases = (
				70E5A2382E1C5247000DAD89 /* Sources */,
				70E5A2392E1C5247000DAD89 /* Frameworks */,
				70E5A23A2E1C5247000DAD89 /* Resources */,
			);
			buildRules = (
			);
			dependencies = (
			);
			fileSystemSynchronizedGroups = (
				70E5A23E2E1C5247000DAD89 /* ArtOfTheFuture */,
			);
			name = ArtOfTheFuture;
			packageProductDependencies = (
			);
			productName = ArtOfTheFuture;
			productReference = 70E5A23C2E1C5247000DAD89 /* ArtOfTheFuture.app */;
			productType = "com.apple.product-type.application";
		};
		70E5A2482E1C524E000DAD89 /* ArtOfTheFutureTests */ = {
			isa = PBXNativeTarget;
			buildConfigurationList = 70E5A2602E1C524E000DAD89 /* Build configuration list for PBXNativeTarget "ArtOfTheFutureTests" */;
			buildPhases = (
				70E5A2452E1C524E000DAD89 /* Sources */,
				70E5A2462E1C524E000DAD89 /* Frameworks */,
				70E5A2472E1C524E000DAD89 /* Resources */,
			);
			buildRules = (
			);
			dependencies = (
				70E5A24B2E1C524E000DAD89 /* PBXTargetDependency */,
			);
			fileSystemSynchronizedGroups = (
				70E5A24C2E1C524E000DAD89 /* ArtOfTheFutureTests */,
			);
			name = ArtOfTheFutureTests;
			packageProductDependencies = (
			);
			productName = ArtOfTheFutureTests;
			productReference = 70E5A2492E1C524E000DAD89 /* ArtOfTheFutureTests.xctest */;
			productType = "com.apple.product-type.bundle.unit-test";
		};
		70E5A2522E1C524E000DAD89 /* ArtOfTheFutureUITests */ = {
			isa = PBXNativeTarget;
			buildConfigurationList = 70E5A2632E1C524E000DAD89 /* Build configuration list for PBXNativeTarget "ArtOfTheFutureUITests" */;
			buildPhases = (
				70E5A24F2E1C524E000DAD89 /* Sources */,
				70E5A2502E1C524E000DAD89 /* Frameworks */,
				70E5A2512E1C524E000DAD89 /* Resources */,
			);
			buildRules = (
			);
			dependencies = (
				70E5A2552E1C524E000DAD89 /* PBXTargetDependency */,
			);
			fileSystemSynchronizedGroups = (
				70E5A2562E1C524E000DAD89 /* ArtOfTheFutureUITests */,
			);
			name = ArtOfTheFutureUITests;
			packageProductDependencies = (
			);
			productName = ArtOfTheFutureUITests;
			productReference = 70E5A2532E1C524E000DAD89 /* ArtOfTheFutureUITests.xctest */;
			productType = "com.apple.product-type.bundle.ui-testing";
		};
/* End PBXNativeTarget section */

/* Begin PBXProject section */
		70E5A2342E1C5247000DAD89 /* Project object */ = {
			isa = PBXProject;
			attributes = {
				BuildIndependentTargetsInParallel = 1;
				LastSwiftUpdateCheck = 1640;
				LastUpgradeCheck = 1640;
				TargetAttributes = {
					70E5A23B2E1C5247000DAD89 = {
						CreatedOnToolsVersion = 16.4;
					};
					70E5A2482E1C524E000DAD89 = {
						CreatedOnToolsVersion = 16.4;
						TestTargetID = 70E5A23B2E1C5247000DAD89;
					};
					70E5A2522E1C524E000DAD89 = {
						CreatedOnToolsVersion = 16.4;
						TestTargetID = 70E5A23B2E1C5247000DAD89;
					};
				};
			};
			buildConfigurationList = 70E5A2372E1C5247000DAD89 /* Build configuration list for PBXProject "ArtOfTheFuture" */;
			developmentRegion = en;
			hasScannedForEncodings = 0;
			knownRegions = (
				en,
				Base,
			);
			mainGroup = 70E5A2332E1C5247000DAD89;
			minimizedProjectReferenceProxies = 1;
			preferredProjectObjectVersion = 77;
			productRefGroup = 70E5A23D2E1C5247000DAD89 /* Products */;
			projectDirPath = "";
			projectRoot = "";
			targets = (
				70E5A23B2E1C5247000DAD89 /* ArtOfTheFuture */,
				70E5A2482E1C524E000DAD89 /* ArtOfTheFutureTests */,
				70E5A2522E1C524E000DAD89 /* ArtOfTheFutureUITests */,
			);
		};
/* End PBXProject section */

/* Begin PBXResourcesBuildPhase section */
		70E5A23A2E1C5247000DAD89 /* Resources */ = {
			isa = PBXResourcesBuildPhase;
			buildActionMask = 2147483647;
			files = (
			);
			runOnlyForDeploymentPostprocessing = 0;
		};
		70E5A2472E1C524E000DAD89 /* Resources */ = {
			isa = PBXResourcesBuildPhase;
			buildActionMask = 2147483647;
			files = (
			);
			runOnlyForDeploymentPostprocessing = 0;
		};
		70E5A2512E1C524E000DAD89 /* Resources */ = {
			isa = PBXResourcesBuildPhase;
			buildActionMask = 2147483647;
			files = (
			);
			runOnlyForDeploymentPostprocessing = 0;
		};
/* End PBXResourcesBuildPhase section */

/* Begin PBXSourcesBuildPhase section */
		70E5A2382E1C5247000DAD89 /* Sources */ = {
			isa = PBXSourcesBuildPhase;
			buildActionMask = 2147483647;
			files = (
			);
			runOnlyForDeploymentPostprocessing = 0;
		};
		70E5A2452E1C524E000DAD89 /* Sources */ = {
			isa = PBXSourcesBuildPhase;
			buildActionMask = 2147483647;
			files = (
			);
			runOnlyForDeploymentPostprocessing = 0;
		};
		70E5A24F2E1C524E000DAD89 /* Sources */ = {
			isa = PBXSourcesBuildPhase;
			buildActionMask = 2147483647;
			files = (
			);
			runOnlyForDeploymentPostprocessing = 0;
		};
/* End PBXSourcesBuildPhase section */

/* Begin PBXTargetDependency section */
		70E5A24B2E1C524E000DAD89 /* PBXTargetDependency */ = {
			isa = PBXTargetDependency;
			target = 70E5A23B2E1C5247000DAD89 /* ArtOfTheFuture */;
			targetProxy = 70E5A24A2E1C524E000DAD89 /* PBXContainerItemProxy */;
		};
		70E5A2552E1C524E000DAD89 /* PBXTargetDependency */ = {
			isa = PBXTargetDependency;
			target = 70E5A23B2E1C5247000DAD89 /* ArtOfTheFuture */;
			targetProxy = 70E5A2542E1C524E000DAD89 /* PBXContainerItemProxy */;
		};
/* End PBXTargetDependency section */

/* Begin XCBuildConfiguration section */
		70E5A25B2E1C524E000DAD89 /* Debug */ = {
			isa = XCBuildConfiguration;
			buildSettings = {
				ALWAYS_SEARCH_USER_PATHS = NO;
				ASSETCATALOG_COMPILER_GENERATE_SWIFT_ASSET_SYMBOL_EXTENSIONS = YES;
				CLANG_ANALYZER_NONNULL = YES;
				CLANG_ANALYZER_NUMBER_OBJECT_CONVERSION = YES_AGGRESSIVE;
				CLANG_CXX_LANGUAGE_STANDARD = "gnu++20";
				CLANG_ENABLE_MODULES = YES;
				CLANG_ENABLE_OBJC_ARC = YES;
				CLANG_ENABLE_OBJC_WEAK = YES;
				CLANG_WARN_BLOCK_CAPTURE_AUTORELEASING = YES;
				CLANG_WARN_BOOL_CONVERSION = YES;
				CLANG_WARN_COMMA = YES;
				CLANG_WARN_CONSTANT_CONVERSION = YES;
				CLANG_WARN_DEPRECATED_OBJC_IMPLEMENTATIONS = YES;
				CLANG_WARN_DIRECT_OBJC_ISA_USAGE = YES_ERROR;
				CLANG_WARN_DOCUMENTATION_COMMENTS = YES;
				CLANG_WARN_EMPTY_BODY = YES;
				CLANG_WARN_ENUM_CONVERSION = YES;
				CLANG_WARN_INFINITE_RECURSION = YES;
				CLANG_WARN_INT_CONVERSION = YES;
				CLANG_WARN_NON_LITERAL_NULL_CONVERSION = YES;
				CLANG_WARN_OBJC_IMPLICIT_RETAIN_SELF = YES;
				CLANG_WARN_OBJC_LITERAL_CONVERSION = YES;
				CLANG_WARN_OBJC_ROOT_CLASS = YES_ERROR;
				CLANG_WARN_QUOTED_INCLUDE_IN_FRAMEWORK_HEADER = YES;
				CLANG_WARN_RANGE_LOOP_ANALYSIS = YES;
				CLANG_WARN_STRICT_PROTOTYPES = YES;
				CLANG_WARN_SUSPICIOUS_MOVE = YES;
				CLANG_WARN_UNGUARDED_AVAILABILITY = YES_AGGRESSIVE;
				CLANG_WARN_UNREACHABLE_CODE = YES;
				CLANG_WARN__DUPLICATE_METHOD_MATCH = YES;
				COPY_PHASE_STRIP = NO;
				DEBUG_INFORMATION_FORMAT = dwarf;
				ENABLE_STRICT_OBJC_MSGSEND = YES;
				ENABLE_TESTABILITY = YES;
				ENABLE_USER_SCRIPT_SANDBOXING = YES;
				GCC_C_LANGUAGE_STANDARD = gnu17;
				GCC_DYNAMIC_NO_PIC = NO;
				GCC_NO_COMMON_BLOCKS = YES;
				GCC_OPTIMIZATION_LEVEL = 0;
				GCC_PREPROCESSOR_DEFINITIONS = (
					"DEBUG=1",
					"$(inherited)",
				);
				GCC_WARN_64_TO_32_BIT_CONVERSION = YES;
				GCC_WARN_ABOUT_RETURN_TYPE = YES_ERROR;
				GCC_WARN_UNDECLARED_SELECTOR = YES;
				GCC_WARN_UNINITIALIZED_AUTOS = YES_AGGRESSIVE;
				GCC_WARN_UNUSED_FUNCTION = YES;
				GCC_WARN_UNUSED_VARIABLE = YES;
				IPHONEOS_DEPLOYMENT_TARGET = 18.5;
				LOCALIZATION_PREFERS_STRING_CATALOGS = YES;
				MTL_ENABLE_DEBUG_INFO = INCLUDE_SOURCE;
				MTL_FAST_MATH = YES;
				ONLY_ACTIVE_ARCH = YES;
				SDKROOT = iphoneos;
				SWIFT_ACTIVE_COMPILATION_CONDITIONS = "DEBUG $(inherited)";
				SWIFT_OPTIMIZATION_LEVEL = "-Onone";
			};
			name = Debug;
		};
		70E5A25C2E1C524E000DAD89 /* Release */ = {
			isa = XCBuildConfiguration;
			buildSettings = {
				ALWAYS_SEARCH_USER_PATHS = NO;
				ASSETCATALOG_COMPILER_GENERATE_SWIFT_ASSET_SYMBOL_EXTENSIONS = YES;
				CLANG_ANALYZER_NONNULL = YES;
				CLANG_ANALYZER_NUMBER_OBJECT_CONVERSION = YES_AGGRESSIVE;
				CLANG_CXX_LANGUAGE_STANDARD = "gnu++20";
				CLANG_ENABLE_MODULES = YES;
				CLANG_ENABLE_OBJC_ARC = YES;
				CLANG_ENABLE_OBJC_WEAK = YES;
				CLANG_WARN_BLOCK_CAPTURE_AUTORELEASING = YES;
				CLANG_WARN_BOOL_CONVERSION = YES;
				CLANG_WARN_COMMA = YES;
				CLANG_WARN_CONSTANT_CONVERSION = YES;
				CLANG_WARN_DEPRECATED_OBJC_IMPLEMENTATIONS = YES;
				CLANG_WARN_DIRECT_OBJC_ISA_USAGE = YES_ERROR;
				CLANG_WARN_DOCUMENTATION_COMMENTS = YES;
				CLANG_WARN_EMPTY_BODY = YES;
				CLANG_WARN_ENUM_CONVERSION = YES;
				CLANG_WARN_INFINITE_RECURSION = YES;
				CLANG_WARN_INT_CONVERSION = YES;
				CLANG_WARN_NON_LITERAL_NULL_CONVERSION = YES;
				CLANG_WARN_OBJC_IMPLICIT_RETAIN_SELF = YES;
				CLANG_WARN_OBJC_LITERAL_CONVERSION = YES;
				CLANG_WARN_OBJC_ROOT_CLASS = YES_ERROR;
				CLANG_WARN_QUOTED_INCLUDE_IN_FRAMEWORK_HEADER = YES;
				CLANG_WARN_RANGE_LOOP_ANALYSIS = YES;
				CLANG_WARN_STRICT_PROTOTYPES = YES;
				CLANG_WARN_SUSPICIOUS_MOVE = YES;
				CLANG_WARN_UNGUARDED_AVAILABILITY = YES_AGGRESSIVE;
				CLANG_WARN_UNREACHABLE_CODE = YES;
				CLANG_WARN__DUPLICATE_METHOD_MATCH = YES;
				COPY_PHASE_STRIP = NO;
				DEBUG_INFORMATION_FORMAT = "dwarf-with-dsym";
				ENABLE_NS_ASSERTIONS = NO;
				ENABLE_STRICT_OBJC_MSGSEND = YES;
				ENABLE_USER_SCRIPT_SANDBOXING = YES;
				GCC_C_LANGUAGE_STANDARD = gnu17;
				GCC_NO_COMMON_BLOCKS = YES;
				GCC_WARN_64_TO_32_BIT_CONVERSION = YES;
				GCC_WARN_ABOUT_RETURN_TYPE = YES_ERROR;
				GCC_WARN_UNDECLARED_SELECTOR = YES;
				GCC_WARN_UNINITIALIZED_AUTOS = YES_AGGRESSIVE;
				GCC_WARN_UNUSED_FUNCTION = YES;
				GCC_WARN_UNUSED_VARIABLE = YES;
				IPHONEOS_DEPLOYMENT_TARGET = 18.5;
				LOCALIZATION_PREFERS_STRING_CATALOGS = YES;
				MTL_ENABLE_DEBUG_INFO = NO;
				MTL_FAST_MATH = YES;
				SDKROOT = iphoneos;
				SWIFT_COMPILATION_MODE = wholemodule;
				VALIDATE_PRODUCT = YES;
			};
			name = Release;
		};
		70E5A25E2E1C524E000DAD89 /* Debug */ = {
			isa = XCBuildConfiguration;
			buildSettings = {
				ASSETCATALOG_COMPILER_APPICON_NAME = AppIcon;
				ASSETCATALOG_COMPILER_GLOBAL_ACCENT_COLOR_NAME = AccentColor;
				CODE_SIGN_STYLE = Automatic;
				CURRENT_PROJECT_VERSION = 1;
				ENABLE_PREVIEWS = YES;
				GENERATE_INFOPLIST_FILE = YES;
				INFOPLIST_KEY_UIApplicationSceneManifest_Generation = YES;
				INFOPLIST_KEY_UIApplicationSupportsIndirectInputEvents = YES;
				INFOPLIST_KEY_UILaunchScreen_Generation = YES;
				INFOPLIST_KEY_UISupportedInterfaceOrientations_iPad = "UIInterfaceOrientationPortrait UIInterfaceOrientationPortraitUpsideDown UIInterfaceOrientationLandscapeLeft UIInterfaceOrientationLandscapeRight";
				INFOPLIST_KEY_UISupportedInterfaceOrientations_iPhone = "UIInterfaceOrientationPortrait UIInterfaceOrientationLandscapeLeft UIInterfaceOrientationLandscapeRight";
				LD_RUNPATH_SEARCH_PATHS = (
					"$(inherited)",
					"@executable_path/Frameworks",
				);
				MARKETING_VERSION = 1.0;
				PRODUCT_BUNDLE_IDENTIFIER = com.alec.ArtOfTheFuture;
				PRODUCT_NAME = "$(TARGET_NAME)";
				SWIFT_EMIT_LOC_STRINGS = YES;
				SWIFT_VERSION = 5.0;
				TARGETED_DEVICE_FAMILY = "1,2";
			};
			name = Debug;
		};
		70E5A25F2E1C524E000DAD89 /* Release */ = {
			isa = XCBuildConfiguration;
			buildSettings = {
				ASSETCATALOG_COMPILER_APPICON_NAME = AppIcon;
				ASSETCATALOG_COMPILER_GLOBAL_ACCENT_COLOR_NAME = AccentColor;
				CODE_SIGN_STYLE = Automatic;
				CURRENT_PROJECT_VERSION = 1;
				ENABLE_PREVIEWS = YES;
				GENERATE_INFOPLIST_FILE = YES;
				INFOPLIST_KEY_UIApplicationSceneManifest_Generation = YES;
				INFOPLIST_KEY_UIApplicationSupportsIndirectInputEvents = YES;
				INFOPLIST_KEY_UILaunchScreen_Generation = YES;
				INFOPLIST_KEY_UISupportedInterfaceOrientations_iPad = "UIInterfaceOrientationPortrait UIInterfaceOrientationPortraitUpsideDown UIInterfaceOrientationLandscapeLeft UIInterfaceOrientationLandscapeRight";
				INFOPLIST_KEY_UISupportedInterfaceOrientations_iPhone = "UIInterfaceOrientationPortrait UIInterfaceOrientationLandscapeLeft UIInterfaceOrientationLandscapeRight";
				LD_RUNPATH_SEARCH_PATHS = (
					"$(inherited)",
					"@executable_path/Frameworks",
				);
				MARKETING_VERSION = 1.0;
				PRODUCT_BUNDLE_IDENTIFIER = com.alec.ArtOfTheFuture;
				PRODUCT_NAME = "$(TARGET_NAME)";
				SWIFT_EMIT_LOC_STRINGS = YES;
				SWIFT_VERSION = 5.0;
				TARGETED_DEVICE_FAMILY = "1,2";
			};
			name = Release;
		};
		70E5A2612E1C524E000DAD89 /* Debug */ = {
			isa = XCBuildConfiguration;
			buildSettings = {
				BUNDLE_LOADER = "$(TEST_HOST)";
				CODE_SIGN_STYLE = Automatic;
				CURRENT_PROJECT_VERSION = 1;
				GENERATE_INFOPLIST_FILE = YES;
				IPHONEOS_DEPLOYMENT_TARGET = 18.5;
				MARKETING_VERSION = 1.0;
				PRODUCT_BUNDLE_IDENTIFIER = com.alec.ArtOfTheFutureTests;
				PRODUCT_NAME = "$(TARGET_NAME)";
				SWIFT_EMIT_LOC_STRINGS = NO;
				SWIFT_VERSION = 5.0;
				TARGETED_DEVICE_FAMILY = "1,2";
				TEST_HOST = "$(BUILT_PRODUCTS_DIR)/ArtOfTheFuture.app/$(BUNDLE_EXECUTABLE_FOLDER_PATH)/ArtOfTheFuture";
			};
			name = Debug;
		};
		70E5A2622E1C524E000DAD89 /* Release */ = {
			isa = XCBuildConfiguration;
			buildSettings = {
				BUNDLE_LOADER = "$(TEST_HOST)";
				CODE_SIGN_STYLE = Automatic;
				CURRENT_PROJECT_VERSION = 1;
				GENERATE_INFOPLIST_FILE = YES;
				IPHONEOS_DEPLOYMENT_TARGET = 18.5;
				MARKETING_VERSION = 1.0;
				PRODUCT_BUNDLE_IDENTIFIER = com.alec.ArtOfTheFutureTests;
				PRODUCT_NAME = "$(TARGET_NAME)";
				SWIFT_EMIT_LOC_STRINGS = NO;
				SWIFT_VERSION = 5.0;
				TARGETED_DEVICE_FAMILY = "1,2";
				TEST_HOST = "$(BUILT_PRODUCTS_DIR)/ArtOfTheFuture.app/$(BUNDLE_EXECUTABLE_FOLDER_PATH)/ArtOfTheFuture";
			};
			name = Release;
		};
		70E5A2642E1C524E000DAD89 /* Debug */ = {
			isa = XCBuildConfiguration;
			buildSettings = {
				CODE_SIGN_STYLE = Automatic;
				CURRENT_PROJECT_VERSION = 1;
				DEVELOPMENT_TEAM = 874DZM3NCG;
				GENERATE_INFOPLIST_FILE = YES;
				IPHONEOS_DEPLOYMENT_TARGET = 17.6;
				MARKETING_VERSION = 1.0;
				PRODUCT_BUNDLE_IDENTIFIER = com.alec.ArtOfTheFutureUITests;
				PRODUCT_NAME = "$(TARGET_NAME)";
				SWIFT_EMIT_LOC_STRINGS = NO;
				SWIFT_VERSION = 5.0;
				TARGETED_DEVICE_FAMILY = "1,2";
				TEST_TARGET_NAME = ArtOfTheFuture;
			};
			name = Debug;
		};
		70E5A2652E1C524E000DAD89 /* Release */ = {
			isa = XCBuildConfiguration;
			buildSettings = {
				CODE_SIGN_STYLE = Automatic;
				CURRENT_PROJECT_VERSION = 1;
				DEVELOPMENT_TEAM = 874DZM3NCG;
				GENERATE_INFOPLIST_FILE = YES;
				IPHONEOS_DEPLOYMENT_TARGET = 17.6;
				MARKETING_VERSION = 1.0;
				PRODUCT_BUNDLE_IDENTIFIER = com.alec.ArtOfTheFutureUITests;
				PRODUCT_NAME = "$(TARGET_NAME)";
				SWIFT_EMIT_LOC_STRINGS = NO;
				SWIFT_VERSION = 5.0;
				TARGETED_DEVICE_FAMILY = "1,2";
				TEST_TARGET_NAME = ArtOfTheFuture;
			};
			name = Release;
		};
/* End XCBuildConfiguration section */

/* Begin XCConfigurationList section */
		70E5A2372E1C5247000DAD89 /* Build configuration list for PBXProject "ArtOfTheFuture" */ = {
			isa = XCConfigurationList;
			buildConfigurations = (
				70E5A25B2E1C524E000DAD89 /* Debug */,
				70E5A25C2E1C524E000DAD89 /* Release */,
			);
			defaultConfigurationIsVisible = 0;
			defaultConfigurationName = Release;
		};
		70E5A25D2E1C524E000DAD89 /* Build configuration list for PBXNativeTarget "ArtOfTheFuture" */ = {
			isa = XCConfigurationList;
			buildConfigurations = (
				70E5A25E2E1C524E000DAD89 /* Debug */,
				70E5A25F2E1C524E000DAD89 /* Release */,
			);
			defaultConfigurationIsVisible = 0;
			defaultConfigurationName = Release;
		};
		70E5A2602E1C524E000DAD89 /* Build configuration list for PBXNativeTarget "ArtOfTheFutureTests" */ = {
			isa = XCConfigurationList;
			buildConfigurations = (
				70E5A2612E1C524E000DAD89 /* Debug */,
				70E5A2622E1C524E000DAD89 /* Release */,
			);
			defaultConfigurationIsVisible = 0;
			defaultConfigurationName = Release;
		};
		70E5A2632E1C524E000DAD89 /* Build configuration list for PBXNativeTarget "ArtOfTheFutureUITests" */ = {
			isa = XCConfigurationList;
			buildConfigurations = (
				70E5A2642E1C524E000DAD89 /* Debug */,
				70E5A2652E1C524E000DAD89 /* Release */,
			);
			defaultConfigurationIsVisible = 0;
			defaultConfigurationName = Release;
		};
/* End XCConfigurationList section */
	};
	rootObject = 70E5A2342E1C5247000DAD89 /* Project object */;
}
